// !$*UTF8*$!
{
	archiveVersion = 1;
	classes = {
	};
	objectVersion = 46;
	objects = {

/* Begin PBXBuildFile section */
		E9084A3C1EF88C5000EB4514 /* RemovePitcherViewController.swift in Sources */ = {isa = PBXBuildFile; fileRef = E9084A3B1EF88C5000EB4514 /* RemovePitcherViewController.swift */; };
		E90D90391F53710D00EF89C5 /* AddPitches.storyboard in Resources */ = {isa = PBXBuildFile; fileRef = E90D90381F53710D00EF89C5 /* AddPitches.storyboard */; };
		E90D903B1F54C15F00EF89C5 /* SummaryView.storyboard in Resources */ = {isa = PBXBuildFile; fileRef = E90D903A1F54C15F00EF89C5 /* SummaryView.storyboard */; };
		E90D903D1F54C16C00EF89C5 /* SummaryViewController.swift in Sources */ = {isa = PBXBuildFile; fileRef = E90D903C1F54C16C00EF89C5 /* SummaryViewController.swift */; };
		E92804EB20265D6B00D1ED4E /* PitchPopoverViewController.swift in Sources */ = {isa = PBXBuildFile; fileRef = E92804EA20265D6B00D1ED4E /* PitchPopoverViewController.swift */; };
		E929B9DD203DDDF4008E2E11 /* CreateAccountViewController.swift in Sources */ = {isa = PBXBuildFile; fileRef = E929B9DC203DDDF4008E2E11 /* CreateAccountViewController.swift */; };
		E92D26FA1EEE889100075468 /* AppDelegate.swift in Sources */ = {isa = PBXBuildFile; fileRef = E92D26F91EEE889100075468 /* AppDelegate.swift */; };
		E92D26FF1EEE889100075468 /* Main.storyboard in Resources */ = {isa = PBXBuildFile; fileRef = E92D26FD1EEE889100075468 /* Main.storyboard */; };
		E92D27011EEE889100075468 /* Assets.xcassets in Resources */ = {isa = PBXBuildFile; fileRef = E92D27001EEE889100075468 /* Assets.xcassets */; };
		E92D27041EEE889100075468 /* LaunchScreen.storyboard in Resources */ = {isa = PBXBuildFile; fileRef = E92D27021EEE889100075468 /* LaunchScreen.storyboard */; };
		E9337E3220420C4100B23C38 /* ChangePasswordViewController.swift in Sources */ = {isa = PBXBuildFile; fileRef = E9337E3120420C4100B23C38 /* ChangePasswordViewController.swift */; };
		E9391C6B203B44BF0047A483 /* AddTeamPlayerViewController.swift in Sources */ = {isa = PBXBuildFile; fileRef = E9391C6A203B44BF0047A483 /* AddTeamPlayerViewController.swift */; };
		E9432E672034A127000449DB /* TeamSelect.storyboard in Resources */ = {isa = PBXBuildFile; fileRef = E9432E662034A127000449DB /* TeamSelect.storyboard */; };
		E9432E692034A13B000449DB /* TeamSelectViewController.swift in Sources */ = {isa = PBXBuildFile; fileRef = E9432E682034A13B000449DB /* TeamSelectViewController.swift */; };
		E9432E6B2034A331000449DB /* HomePageViewController.swift in Sources */ = {isa = PBXBuildFile; fileRef = E9432E6A2034A331000449DB /* HomePageViewController.swift */; };
		E9444F96203F4758007955A0 /* LoginViewController.swift in Sources */ = {isa = PBXBuildFile; fileRef = E9444F95203F4758007955A0 /* LoginViewController.swift */; };
		E97470BD2032A8110050A2A3 /* CINavigationBar.swift in Sources */ = {isa = PBXBuildFile; fileRef = E97470BC2032A8110050A2A3 /* CINavigationBar.swift */; };
		E99E41D41EF85C9E00B7B14B /* PitcherViewController.swift in Sources */ = {isa = PBXBuildFile; fileRef = E99E41D31EF85C9E00B7B14B /* PitcherViewController.swift */; };
		E99E41D61EF8715500B7B14B /* Bullpens.storyboard in Resources */ = {isa = PBXBuildFile; fileRef = E99E41D51EF8715500B7B14B /* Bullpens.storyboard */; };
		E99E41D81EF8752D00B7B14B /* BullpenViewController.swift in Sources */ = {isa = PBXBuildFile; fileRef = E99E41D71EF8752D00B7B14B /* BullpenViewController.swift */; };
		E99E41DA1EF8864700B7B14B /* AddPitcherViewController.swift in Sources */ = {isa = PBXBuildFile; fileRef = E99E41D91EF8864700B7B14B /* AddPitcherViewController.swift */; };
		E9B36EDD1F536D7B00E674AA /* AddPitches.swift in Sources */ = {isa = PBXBuildFile; fileRef = E9B36EDB1F536D7B00E674AA /* AddPitches.swift */; };
		E9D946BA20362F4C005A8D0C /* BTHelper.swift in Sources */ = {isa = PBXBuildFile; fileRef = E9D946B920362F4C005A8D0C /* BTHelper.swift */; };
		E9F9E0C72005ECA700F515AB /* ServerConnector.swift in Sources */ = {isa = PBXBuildFile; fileRef = E9F9E0C62005ECA700F515AB /* ServerConnector.swift */; };
/* End PBXBuildFile section */

/* Begin PBXFileReference section */
		E9084A3B1EF88C5000EB4514 /* RemovePitcherViewController.swift */ = {isa = PBXFileReference; fileEncoding = 4; lastKnownFileType = sourcecode.swift; path = RemovePitcherViewController.swift; sourceTree = "<group>"; };
		E90D90381F53710D00EF89C5 /* AddPitches.storyboard */ = {isa = PBXFileReference; fileEncoding = 4; lastKnownFileType = file.storyboard; path = AddPitches.storyboard; sourceTree = "<group>"; };
		E90D903A1F54C15F00EF89C5 /* SummaryView.storyboard */ = {isa = PBXFileReference; fileEncoding = 4; lastKnownFileType = file.storyboard; path = SummaryView.storyboard; sourceTree = "<group>"; };
		E90D903C1F54C16C00EF89C5 /* SummaryViewController.swift */ = {isa = PBXFileReference; fileEncoding = 4; lastKnownFileType = sourcecode.swift; path = SummaryViewController.swift; sourceTree = "<group>"; };
		E92804EA20265D6B00D1ED4E /* PitchPopoverViewController.swift */ = {isa = PBXFileReference; lastKnownFileType = sourcecode.swift; path = PitchPopoverViewController.swift; sourceTree = "<group>"; };
		E929B9DC203DDDF4008E2E11 /* CreateAccountViewController.swift */ = {isa = PBXFileReference; lastKnownFileType = sourcecode.swift; path = CreateAccountViewController.swift; sourceTree = "<group>"; };
		E92D26F61EEE889100075468 /* BullpenTracker.app */ = {isa = PBXFileReference; explicitFileType = wrapper.application; includeInIndex = 0; path = BullpenTracker.app; sourceTree = BUILT_PRODUCTS_DIR; };
		E92D26F91EEE889100075468 /* AppDelegate.swift */ = {isa = PBXFileReference; lastKnownFileType = sourcecode.swift; path = AppDelegate.swift; sourceTree = "<group>"; };
		E92D26FE1EEE889100075468 /* Base */ = {isa = PBXFileReference; lastKnownFileType = file.storyboard; name = Base; path = Base.lproj/Main.storyboard; sourceTree = "<group>"; };
		E92D27001EEE889100075468 /* Assets.xcassets */ = {isa = PBXFileReference; lastKnownFileType = folder.assetcatalog; path = Assets.xcassets; sourceTree = "<group>"; };
		E92D27031EEE889100075468 /* Base */ = {isa = PBXFileReference; lastKnownFileType = file.storyboard; name = Base; path = Base.lproj/LaunchScreen.storyboard; sourceTree = "<group>"; };
		E92D27051EEE889100075468 /* Info.plist */ = {isa = PBXFileReference; lastKnownFileType = text.plist.xml; path = Info.plist; sourceTree = "<group>"; };
		E9337E3120420C4100B23C38 /* ChangePasswordViewController.swift */ = {isa = PBXFileReference; lastKnownFileType = sourcecode.swift; path = ChangePasswordViewController.swift; sourceTree = "<group>"; };
		E9391C6A203B44BF0047A483 /* AddTeamPlayerViewController.swift */ = {isa = PBXFileReference; lastKnownFileType = sourcecode.swift; path = AddTeamPlayerViewController.swift; sourceTree = "<group>"; };
		E9432E662034A127000449DB /* TeamSelect.storyboard */ = {isa = PBXFileReference; lastKnownFileType = file.storyboard; path = TeamSelect.storyboard; sourceTree = "<group>"; };
		E9432E682034A13B000449DB /* TeamSelectViewController.swift */ = {isa = PBXFileReference; lastKnownFileType = sourcecode.swift; path = TeamSelectViewController.swift; sourceTree = "<group>"; };
		E9432E6A2034A331000449DB /* HomePageViewController.swift */ = {isa = PBXFileReference; lastKnownFileType = sourcecode.swift; path = HomePageViewController.swift; sourceTree = "<group>"; };
		E9444F95203F4758007955A0 /* LoginViewController.swift */ = {isa = PBXFileReference; lastKnownFileType = sourcecode.swift; path = LoginViewController.swift; sourceTree = "<group>"; };
		E97470BC2032A8110050A2A3 /* CINavigationBar.swift */ = {isa = PBXFileReference; lastKnownFileType = sourcecode.swift; path = CINavigationBar.swift; sourceTree = "<group>"; };
		E99E41D31EF85C9E00B7B14B /* PitcherViewController.swift */ = {isa = PBXFileReference; fileEncoding = 4; lastKnownFileType = sourcecode.swift; path = PitcherViewController.swift; sourceTree = "<group>"; };
		E99E41D51EF8715500B7B14B /* Bullpens.storyboard */ = {isa = PBXFileReference; fileEncoding = 4; lastKnownFileType = file.storyboard; path = Bullpens.storyboard; sourceTree = "<group>"; };
		E99E41D71EF8752D00B7B14B /* BullpenViewController.swift */ = {isa = PBXFileReference; fileEncoding = 4; lastKnownFileType = sourcecode.swift; path = BullpenViewController.swift; sourceTree = "<group>"; };
		E99E41D91EF8864700B7B14B /* AddPitcherViewController.swift */ = {isa = PBXFileReference; fileEncoding = 4; lastKnownFileType = sourcecode.swift; path = AddPitcherViewController.swift; sourceTree = "<group>"; };
		E9B36EDB1F536D7B00E674AA /* AddPitches.swift */ = {isa = PBXFileReference; fileEncoding = 4; lastKnownFileType = sourcecode.swift; path = AddPitches.swift; sourceTree = "<group>"; };
		E9D946B920362F4C005A8D0C /* BTHelper.swift */ = {isa = PBXFileReference; lastKnownFileType = sourcecode.swift; path = BTHelper.swift; sourceTree = "<group>"; };
		E9F9E0C62005ECA700F515AB /* ServerConnector.swift */ = {isa = PBXFileReference; fileEncoding = 4; lastKnownFileType = sourcecode.swift; path = ServerConnector.swift; sourceTree = "<group>"; };
/* End PBXFileReference section */

/* Begin PBXFrameworksBuildPhase section */
		E92D26F31EEE889100075468 /* Frameworks */ = {
			isa = PBXFrameworksBuildPhase;
			buildActionMask = 2147483647;
			files = (
			);
			runOnlyForDeploymentPostprocessing = 0;
		};
/* End PBXFrameworksBuildPhase section */

/* Begin PBXGroup section */
		E92D26ED1EEE889100075468 = {
			isa = PBXGroup;
			children = (
				E92D26F81EEE889100075468 /* BullpenTracker */,
				E92D26F71EEE889100075468 /* Products */,
			);
			sourceTree = "<group>";
		};
		E92D26F71EEE889100075468 /* Products */ = {
			isa = PBXGroup;
			children = (
				E92D26F61EEE889100075468 /* BullpenTracker.app */,
			);
			name = Products;
			sourceTree = "<group>";
		};
		E92D26F81EEE889100075468 /* BullpenTracker */ = {
			isa = PBXGroup;
			children = (
				E92D26F91EEE889100075468 /* AppDelegate.swift */,
				E92D26FD1EEE889100075468 /* Main.storyboard */,
				E92D27021EEE889100075468 /* LaunchScreen.storyboard */,
				E9391C6A203B44BF0047A483 /* AddTeamPlayerViewController.swift */,
				E99E41D31EF85C9E00B7B14B /* PitcherViewController.swift */,
				E99E41D91EF8864700B7B14B /* AddPitcherViewController.swift */,
				E9084A3B1EF88C5000EB4514 /* RemovePitcherViewController.swift */,
				E99E41D51EF8715500B7B14B /* Bullpens.storyboard */,
				E99E41D71EF8752D00B7B14B /* BullpenViewController.swift */,
				E90D90381F53710D00EF89C5 /* AddPitches.storyboard */,
				E9B36EDB1F536D7B00E674AA /* AddPitches.swift */,
				E90D903A1F54C15F00EF89C5 /* SummaryView.storyboard */,
				E90D903C1F54C16C00EF89C5 /* SummaryViewController.swift */,
				E92804EA20265D6B00D1ED4E /* PitchPopoverViewController.swift */,
				E9432E662034A127000449DB /* TeamSelect.storyboard */,
				E9337E3120420C4100B23C38 /* ChangePasswordViewController.swift */,
				E9444F95203F4758007955A0 /* LoginViewController.swift */,
				E9432E6A2034A331000449DB /* HomePageViewController.swift */,
				E9432E682034A13B000449DB /* TeamSelectViewController.swift */,
				E929B9DC203DDDF4008E2E11 /* CreateAccountViewController.swift */,
				E92D27001EEE889100075468 /* Assets.xcassets */,
				E92D27051EEE889100075468 /* Info.plist */,
				E9F9E0C62005ECA700F515AB /* ServerConnector.swift */,
				E97470BC2032A8110050A2A3 /* CINavigationBar.swift */,
				E9D946B920362F4C005A8D0C /* BTHelper.swift */,
			);
			path = BullpenTracker;
			sourceTree = "<group>";
		};
/* End PBXGroup section */

/* Begin PBXNativeTarget section */
		E92D26F51EEE889100075468 /* BullpenTracker */ = {
			isa = PBXNativeTarget;
			buildConfigurationList = E92D27081EEE889100075468 /* Build configuration list for PBXNativeTarget "BullpenTracker" */;
			buildPhases = (
				E92D26F21EEE889100075468 /* Sources */,
				E92D26F31EEE889100075468 /* Frameworks */,
				E92D26F41EEE889100075468 /* Resources */,
			);
			buildRules = (
			);
			dependencies = (
			);
			name = BullpenTracker;
			productName = BullpenTracker;
			productReference = E92D26F61EEE889100075468 /* BullpenTracker.app */;
			productType = "com.apple.product-type.application";
		};
/* End PBXNativeTarget section */

/* Begin PBXProject section */
		E92D26EE1EEE889100075468 /* Project object */ = {
			isa = PBXProject;
			attributes = {
				LastSwiftUpdateCheck = 0800;
				LastUpgradeCheck = 0920;
				ORGANIZATIONNAME = "Sam Hollenbach";
				TargetAttributes = {
					E92D26F51EEE889100075468 = {
						CreatedOnToolsVersion = 8.0;
						DevelopmentTeam = B9RUFU8276;
						LastSwiftMigration = 0920;
						ProvisioningStyle = Automatic;
					};
				};
			};
			buildConfigurationList = E92D26F11EEE889100075468 /* Build configuration list for PBXProject "BullpenTracker" */;
			compatibilityVersion = "Xcode 3.2";
			developmentRegion = English;
			hasScannedForEncodings = 0;
			knownRegions = (
				en,
				Base,
			);
			mainGroup = E92D26ED1EEE889100075468;
			productRefGroup = E92D26F71EEE889100075468 /* Products */;
			projectDirPath = "";
			projectRoot = "";
			targets = (
				E92D26F51EEE889100075468 /* BullpenTracker */,
			);
		};
/* End PBXProject section */

/* Begin PBXResourcesBuildPhase section */
		E92D26F41EEE889100075468 /* Resources */ = {
			isa = PBXResourcesBuildPhase;
			buildActionMask = 2147483647;
			files = (
				E92D27041EEE889100075468 /* LaunchScreen.storyboard in Resources */,
				E90D90391F53710D00EF89C5 /* AddPitches.storyboard in Resources */,
				E9432E672034A127000449DB /* TeamSelect.storyboard in Resources */,
				E90D903B1F54C15F00EF89C5 /* SummaryView.storyboard in Resources */,
				E92D27011EEE889100075468 /* Assets.xcassets in Resources */,
				E92D26FF1EEE889100075468 /* Main.storyboard in Resources */,
				E99E41D61EF8715500B7B14B /* Bullpens.storyboard in Resources */,
			);
			runOnlyForDeploymentPostprocessing = 0;
		};
/* End PBXResourcesBuildPhase section */

/* Begin PBXSourcesBuildPhase section */
		E92D26F21EEE889100075468 /* Sources */ = {
			isa = PBXSourcesBuildPhase;
			buildActionMask = 2147483647;
			files = (
				E99E41DA1EF8864700B7B14B /* AddPitcherViewController.swift in Sources */,
				E9F9E0C72005ECA700F515AB /* ServerConnector.swift in Sources */,
				E9D946BA20362F4C005A8D0C /* BTHelper.swift in Sources */,
				E99E41D41EF85C9E00B7B14B /* PitcherViewController.swift in Sources */,
				E9432E692034A13B000449DB /* TeamSelectViewController.swift in Sources */,
				E9B36EDD1F536D7B00E674AA /* AddPitches.swift in Sources */,
				E9391C6B203B44BF0047A483 /* AddTeamPlayerViewController.swift in Sources */,
				E9084A3C1EF88C5000EB4514 /* RemovePitcherViewController.swift in Sources */,
				E929B9DD203DDDF4008E2E11 /* CreateAccountViewController.swift in Sources */,
				E97470BD2032A8110050A2A3 /* CINavigationBar.swift in Sources */,
				E92804EB20265D6B00D1ED4E /* PitchPopoverViewController.swift in Sources */,
				E9432E6B2034A331000449DB /* HomePageViewController.swift in Sources */,
				E9337E3220420C4100B23C38 /* ChangePasswordViewController.swift in Sources */,
				E9444F96203F4758007955A0 /* LoginViewController.swift in Sources */,
				E99E41D81EF8752D00B7B14B /* BullpenViewController.swift in Sources */,
				E90D903D1F54C16C00EF89C5 /* SummaryViewController.swift in Sources */,
				E92D26FA1EEE889100075468 /* AppDelegate.swift in Sources */,
			);
			runOnlyForDeploymentPostprocessing = 0;
		};
/* End PBXSourcesBuildPhase section */

/* Begin PBXVariantGroup section */
		E92D26FD1EEE889100075468 /* Main.storyboard */ = {
			isa = PBXVariantGroup;
			children = (
				E92D26FE1EEE889100075468 /* Base */,
			);
			name = Main.storyboard;
			sourceTree = "<group>";
		};
		E92D27021EEE889100075468 /* LaunchScreen.storyboard */ = {
			isa = PBXVariantGroup;
			children = (
				E92D27031EEE889100075468 /* Base */,
			);
			name = LaunchScreen.storyboard;
			sourceTree = "<group>";
		};
/* End PBXVariantGroup section */

/* Begin XCBuildConfiguration section */
		E92D27061EEE889100075468 /* Debug */ = {
			isa = XCBuildConfiguration;
			buildSettings = {
				ALWAYS_SEARCH_USER_PATHS = NO;
				CLANG_ANALYZER_NONNULL = YES;
				CLANG_CXX_LANGUAGE_STANDARD = "gnu++0x";
				CLANG_CXX_LIBRARY = "libc++";
				CLANG_ENABLE_MODULES = YES;
				CLANG_ENABLE_OBJC_ARC = YES;
				CLANG_WARN_BLOCK_CAPTURE_AUTORELEASING = YES;
				CLANG_WARN_BOOL_CONVERSION = YES;
				CLANG_WARN_COMMA = YES;
				CLANG_WARN_CONSTANT_CONVERSION = YES;
				CLANG_WARN_DIRECT_OBJC_ISA_USAGE = YES_ERROR;
				CLANG_WARN_DOCUMENTATION_COMMENTS = YES;
				CLANG_WARN_EMPTY_BODY = YES;
				CLANG_WARN_ENUM_CONVERSION = YES;
				CLANG_WARN_INFINITE_RECURSION = YES;
				CLANG_WARN_INT_CONVERSION = YES;
				CLANG_WARN_NON_LITERAL_NULL_CONVERSION = YES;
				CLANG_WARN_OBJC_LITERAL_CONVERSION = YES;
				CLANG_WARN_OBJC_ROOT_CLASS = YES_ERROR;
				CLANG_WARN_RANGE_LOOP_ANALYSIS = YES;
				CLANG_WARN_STRICT_PROTOTYPES = YES;
				CLANG_WARN_SUSPICIOUS_MOVE = YES;
				CLANG_WARN_SUSPICIOUS_MOVES = YES;
				CLANG_WARN_UNREACHABLE_CODE = YES;
				CLANG_WARN__DUPLICATE_METHOD_MATCH = YES;
				CODE_SIGN_IDENTITY = "iPhone Developer";
				"CODE_SIGN_IDENTITY[sdk=iphoneos*]" = "iPhone Developer";
				COPY_PHASE_STRIP = NO;
				DEBUG_INFORMATION_FORMAT = dwarf;
				DEVELOPMENT_TEAM = B9RUFU8276;
				ENABLE_STRICT_OBJC_MSGSEND = YES;
				ENABLE_TESTABILITY = YES;
				GCC_C_LANGUAGE_STANDARD = gnu99;
				GCC_DYNAMIC_NO_PIC = NO;
				GCC_NO_COMMON_BLOCKS = YES;
				GCC_OPTIMIZATION_LEVEL = 0;
				GCC_PREPROCESSOR_DEFINITIONS = (
					"DEBUG=1",
					"$(inherited)",
				);
				GCC_WARN_64_TO_32_BIT_CONVERSION = YES;
				GCC_WARN_ABOUT_RETURN_TYPE = YES_ERROR;
				GCC_WARN_UNDECLARED_SELECTOR = YES;
				GCC_WARN_UNINITIALIZED_AUTOS = YES_AGGRESSIVE;
				GCC_WARN_UNUSED_FUNCTION = YES;
				GCC_WARN_UNUSED_VARIABLE = YES;
				IPHONEOS_DEPLOYMENT_TARGET = 10.0;
				MTL_ENABLE_DEBUG_INFO = YES;
				ONLY_ACTIVE_ARCH = YES;
				SDKROOT = iphoneos;
				SWIFT_ACTIVE_COMPILATION_CONDITIONS = DEBUG;
				SWIFT_OPTIMIZATION_LEVEL = "-Onone";
				TARGETED_DEVICE_FAMILY = "1,2";
			};
			name = Debug;
		};
		E92D27071EEE889100075468 /* Release */ = {
			isa = XCBuildConfiguration;
			buildSettings = {
				ALWAYS_SEARCH_USER_PATHS = NO;
				CLANG_ANALYZER_NONNULL = YES;
				CLANG_CXX_LANGUAGE_STANDARD = "gnu++0x";
				CLANG_CXX_LIBRARY = "libc++";
				CLANG_ENABLE_MODULES = YES;
				CLANG_ENABLE_OBJC_ARC = YES;
				CLANG_WARN_BLOCK_CAPTURE_AUTORELEASING = YES;
				CLANG_WARN_BOOL_CONVERSION = YES;
				CLANG_WARN_COMMA = YES;
				CLANG_WARN_CONSTANT_CONVERSION = YES;
				CLANG_WARN_DIRECT_OBJC_ISA_USAGE = YES_ERROR;
				CLANG_WARN_DOCUMENTATION_COMMENTS = YES;
				CLANG_WARN_EMPTY_BODY = YES;
				CLANG_WARN_ENUM_CONVERSION = YES;
				CLANG_WARN_INFINITE_RECURSION = YES;
				CLANG_WARN_INT_CONVERSION = YES;
				CLANG_WARN_NON_LITERAL_NULL_CONVERSION = YES;
				CLANG_WARN_OBJC_LITERAL_CONVERSION = YES;
				CLANG_WARN_OBJC_ROOT_CLASS = YES_ERROR;
				CLANG_WARN_RANGE_LOOP_ANALYSIS = YES;
				CLANG_WARN_STRICT_PROTOTYPES = YES;
				CLANG_WARN_SUSPICIOUS_MOVE = YES;
				CLANG_WARN_SUSPICIOUS_MOVES = YES;
				CLANG_WARN_UNREACHABLE_CODE = YES;
				CLANG_WARN__DUPLICATE_METHOD_MATCH = YES;
				CODE_SIGN_IDENTITY = "iPhone Distribution";
				"CODE_SIGN_IDENTITY[sdk=iphoneos*]" = "iPhone Distribution";
				COPY_PHASE_STRIP = NO;
				DEBUG_INFORMATION_FORMAT = "dwarf-with-dsym";
				DEVELOPMENT_TEAM = B9RUFU8276;
				ENABLE_NS_ASSERTIONS = NO;
				ENABLE_STRICT_OBJC_MSGSEND = YES;
				GCC_C_LANGUAGE_STANDARD = gnu99;
				GCC_NO_COMMON_BLOCKS = YES;
				GCC_WARN_64_TO_32_BIT_CONVERSION = YES;
				GCC_WARN_ABOUT_RETURN_TYPE = YES_ERROR;
				GCC_WARN_UNDECLARED_SELECTOR = YES;
				GCC_WARN_UNINITIALIZED_AUTOS = YES_AGGRESSIVE;
				GCC_WARN_UNUSED_FUNCTION = YES;
				GCC_WARN_UNUSED_VARIABLE = YES;
				IPHONEOS_DEPLOYMENT_TARGET = 10.0;
				MTL_ENABLE_DEBUG_INFO = NO;
				SDKROOT = iphoneos;
				SWIFT_OPTIMIZATION_LEVEL = "-Owholemodule";
				TARGETED_DEVICE_FAMILY = "1,2";
				VALIDATE_PRODUCT = YES;
			};
			name = Release;
		};
		E92D27091EEE889100075468 /* Debug */ = {
			isa = XCBuildConfiguration;
			buildSettings = {
				ASSETCATALOG_COMPILER_APPICON_NAME = AppIcon;
				CODE_SIGN_IDENTITY = "iPhone Developer";
				"CODE_SIGN_IDENTITY[sdk=iphoneos*]" = "iPhone Developer";
				CODE_SIGN_STYLE = Automatic;
				DEVELOPMENT_TEAM = B9RUFU8276;
				INFOPLIST_FILE = BullpenTracker/Info.plist;
				LD_RUNPATH_SEARCH_PATHS = "$(inherited) @executable_path/Frameworks";
				PRODUCT_BUNDLE_IDENTIFIER = shollenb.BullpenTracker;
				PRODUCT_NAME = "$(TARGET_NAME)";
				PROVISIONING_PROFILE_SPECIFIER = "";
				SWIFT_SWIFT3_OBJC_INFERENCE = On;
				SWIFT_VERSION = 4.0;
			};
			name = Debug;
		};
		E92D270A1EEE889100075468 /* Release */ = {
			isa = XCBuildConfiguration;
			buildSettings = {
				ASSETCATALOG_COMPILER_APPICON_NAME = AppIcon;
				CODE_SIGN_IDENTITY = "iPhone Distribution";
				"CODE_SIGN_IDENTITY[sdk=iphoneos*]" = "iPhone Developer";
				CODE_SIGN_STYLE = Automatic;
				DEVELOPMENT_TEAM = B9RUFU8276;
				INFOPLIST_FILE = BullpenTracker/Info.plist;
				LD_RUNPATH_SEARCH_PATHS = "$(inherited) @executable_path/Frameworks";
				PRODUCT_BUNDLE_IDENTIFIER = shollenb.BullpenTracker;
				PRODUCT_NAME = "$(TARGET_NAME)";
				PROVISIONING_PROFILE_SPECIFIER = "";
				SWIFT_SWIFT3_OBJC_INFERENCE = On;
				SWIFT_VERSION = 4.0;
			};
			name = Release;
		};
/* End XCBuildConfiguration section */

/* Begin XCConfigurationList section */
		E92D26F11EEE889100075468 /* Build configuration list for PBXProject "BullpenTracker" */ = {
			isa = XCConfigurationList;
			buildConfigurations = (
				E92D27061EEE889100075468 /* Debug */,
				E92D27071EEE889100075468 /* Release */,
			);
			defaultConfigurationIsVisible = 0;
			defaultConfigurationName = Release;
		};
		E92D27081EEE889100075468 /* Build configuration list for PBXNativeTarget "BullpenTracker" */ = {
			isa = XCConfigurationList;
			buildConfigurations = (
				E92D27091EEE889100075468 /* Debug */,
				E92D270A1EEE889100075468 /* Release */,
			);
			defaultConfigurationIsVisible = 0;
			defaultConfigurationName = Release;
		};
/* End XCConfigurationList section */
	};
	rootObject = E92D26EE1EEE889100075468 /* Project object */;
}
